
Microsoft Visual Studio Solution File, Format Version 12.00
# Visual Studio Version 17
VisualStudioVersion = 17.8.34316.72
MinimumVisualStudioVersion = 10.0.40219.1
Project("{FAE04EC0-301F-11D3-BF4B-00C04F79EFBC}") = "Koturn.VRChat.Log", "Koturn.VRChat.Log\Koturn.VRChat.Log.csproj", "{CC14A5CF-0217-4216-A885-E8506AD26425}"
EndProject
Global
	GlobalSection(SolutionConfigurationPlatforms) = preSolution
		Debug|Any CPU = Debug|Any CPU
		Release|Any CPU = Release|Any CPU
	EndGlobalSection
	GlobalSection(ProjectConfigurationPlatforms) = postSolution
		{CC14A5CF-0217-4216-A885-E8506AD26425}.Debug|Any CPU.ActiveCfg = Debug|Any CPU
		{CC14A5CF-0217-4216-A885-E8506AD26425}.Debug|Any CPU.Build.0 = Debug|Any CPU
		{CC14A5CF-0217-4216-A885-E8506AD26425}.Release|Any CPU.ActiveCfg = Release|Any CPU
		{CC14A5CF-0217-4216-A885-E8506AD26425}.Release|Any CPU.Build.0 = Release|Any CPU
	EndGlobalSection
	GlobalSection(SolutionProperties) = preSolution
		HideSolutionNode = FALSE
	EndGlobalSection
	GlobalSection(ExtensibilityGlobals) = postSolution
		SolutionGuid = {A0B35548-B4CE-4981-A919-ED6BC78854DC}
	EndGlobalSection
EndGlobal
